// !$*UTF8*$!
{
	archiveVersion = 1;
	classes = {
	};
	objectVersion = 46;
	objects = {

/* Begin PBXBuildFile section */
		1E736CCC1DF5BC5A006BFCA6 /* AppDelegate.swift in Sources */ = {isa = PBXBuildFile; fileRef = 1E736CCB1DF5BC5A006BFCA6 /* AppDelegate.swift */; };
		1E736CCE1DF5BC5A006BFCA6 /* ViewController.swift in Sources */ = {isa = PBXBuildFile; fileRef = 1E736CCD1DF5BC5A006BFCA6 /* ViewController.swift */; };
		1E736CD11DF5BC5B006BFCA6 /* Main.storyboard in Resources */ = {isa = PBXBuildFile; fileRef = 1E736CCF1DF5BC5B006BFCA6 /* Main.storyboard */; };
		1E736CD31DF5BC5B006BFCA6 /* Assets.xcassets in Resources */ = {isa = PBXBuildFile; fileRef = 1E736CD21DF5BC5B006BFCA6 /* Assets.xcassets */; };
		1E736CD61DF5BC5B006BFCA6 /* LaunchScreen.storyboard in Resources */ = {isa = PBXBuildFile; fileRef = 1E736CD41DF5BC5B006BFCA6 /* LaunchScreen.storyboard */; };
		1E736CDE1DF5C4DD006BFCA6 /* pokemon.csv in Resources */ = {isa = PBXBuildFile; fileRef = 1E736CDD1DF5C4DD006BFCA6 /* pokemon.csv */; };
/* End PBXBuildFile section */

/* Begin PBXFileReference section */
		1E736CC81DF5BC5A006BFCA6 /* Pokedex (Udemy).app */ = {isa = PBXFileReference; explicitFileType = wrapper.application; includeInIndex = 0; path = "Pokedex (Udemy).app"; sourceTree = BUILT_PRODUCTS_DIR; };
		1E736CCB1DF5BC5A006BFCA6 /* AppDelegate.swift */ = {isa = PBXFileReference; lastKnownFileType = sourcecode.swift; path = AppDelegate.swift; sourceTree = "<group>"; };
		1E736CCD1DF5BC5A006BFCA6 /* ViewController.swift */ = {isa = PBXFileReference; lastKnownFileType = sourcecode.swift; path = ViewController.swift; sourceTree = "<group>"; };
		1E736CD01DF5BC5B006BFCA6 /* Base */ = {isa = PBXFileReference; lastKnownFileType = file.storyboard; name = Base; path = Base.lproj/Main.storyboard; sourceTree = "<group>"; };
		1E736CD21DF5BC5B006BFCA6 /* Assets.xcassets */ = {isa = PBXFileReference; lastKnownFileType = folder.assetcatalog; path = Assets.xcassets; sourceTree = "<group>"; };
		1E736CD51DF5BC5B006BFCA6 /* Base */ = {isa = PBXFileReference; lastKnownFileType = file.storyboard; name = Base; path = Base.lproj/LaunchScreen.storyboard; sourceTree = "<group>"; };
		1E736CD71DF5BC5B006BFCA6 /* Info.plist */ = {isa = PBXFileReference; lastKnownFileType = text.plist.xml; path = Info.plist; sourceTree = "<group>"; };
		1E736CDD1DF5C4DD006BFCA6 /* pokemon.csv */ = {isa = PBXFileReference; fileEncoding = 4; lastKnownFileType = text; path = pokemon.csv; sourceTree = "<group>"; };
/* End PBXFileReference section */

/* Begin PBXFrameworksBuildPhase section */
		1E736CC51DF5BC5A006BFCA6 /* Frameworks */ = {
			isa = PBXFrameworksBuildPhase;
			buildActionMask = 2147483647;
			files = (
			);
			runOnlyForDeploymentPostprocessing = 0;
		};
/* End PBXFrameworksBuildPhase section */

/* Begin PBXGroup section */
		1E736CBF1DF5BC58006BFCA6 = {
			isa = PBXGroup;
			children = (
				1E736CCA1DF5BC5A006BFCA6 /* Pokedex (Udemy) */,
				1E736CC91DF5BC5A006BFCA6 /* Products */,
			);
			sourceTree = "<group>";
		};
		1E736CC91DF5BC5A006BFCA6 /* Products */ = {
			isa = PBXGroup;
			children = (
				1E736CC81DF5BC5A006BFCA6 /* Pokedex (Udemy).app */,
			);
			name = Products;
			sourceTree = "<group>";
		};
		1E736CCA1DF5BC5A006BFCA6 /* Pokedex (Udemy) */ = {
			isa = PBXGroup;
			children = (
				1E736CCB1DF5BC5A006BFCA6 /* AppDelegate.swift */,
				1E736CCD1DF5BC5A006BFCA6 /* ViewController.swift */,
				1E736CCF1DF5BC5B006BFCA6 /* Main.storyboard */,
				1E736CD21DF5BC5B006BFCA6 /* Assets.xcassets */,
				1E736CDD1DF5C4DD006BFCA6 /* pokemon.csv */,
				1E736CD41DF5BC5B006BFCA6 /* LaunchScreen.storyboard */,
				1E736CD71DF5BC5B006BFCA6 /* Info.plist */,
			);
			path = "Pokedex (Udemy)";
			sourceTree = "<group>";
		};
/* End PBXGroup section */

/* Begin PBXNativeTarget section */
		1E736CC71DF5BC5A006BFCA6 /* Pokedex (Udemy) */ = {
			isa = PBXNativeTarget;
			buildConfigurationList = 1E736CDA1DF5BC5B006BFCA6 /* Build configuration list for PBXNativeTarget "Pokedex (Udemy)" */;
			buildPhases = (
				1E736CC41DF5BC5A006BFCA6 /* Sources */,
				1E736CC51DF5BC5A006BFCA6 /* Frameworks */,
				1E736CC61DF5BC5A006BFCA6 /* Resources */,
			);
			buildRules = (
			);
			dependencies = (
			);
			name = "Pokedex (Udemy)";
			productName = "Pokedex (Udemy)";
			productReference = 1E736CC81DF5BC5A006BFCA6 /* Pokedex (Udemy).app */;
			productType = "com.apple.product-type.application";
		};
/* End PBXNativeTarget section */

/* Begin PBXProject section */
		1E736CC01DF5BC59006BFCA6 /* Project object */ = {
			isa = PBXProject;
			attributes = {
				LastSwiftUpdateCheck = 0810;
				LastUpgradeCheck = 0810;
				ORGANIZATIONNAME = "Mahmoud SMGL";
				TargetAttributes = {
					1E736CC71DF5BC5A006BFCA6 = {
						CreatedOnToolsVersion = 8.1;
						DevelopmentTeam = 5PD448JSVP;
						ProvisioningStyle = Automatic;
					};
				};
			};
			buildConfigurationList = 1E736CC31DF5BC59006BFCA6 /* Build configuration list for PBXProject "Pokedex (Udemy)" */;
			compatibilityVersion = "Xcode 3.2";
			developmentRegion = English;
			hasScannedForEncodings = 0;
			knownRegions = (
				en,
				Base,
			);
			mainGroup = 1E736CBF1DF5BC58006BFCA6;
			productRefGroup = 1E736CC91DF5BC5A006BFCA6 /* Products */;
			projectDirPath = "";
			projectRoot = "";
			targets = (
				1E736CC71DF5BC5A006BFCA6 /* Pokedex (Udemy) */,
			);
		};
/* End PBXProject section */

/* Begin PBXResourcesBuildPhase section */
		1E736CC61DF5BC5A006BFCA6 /* Resources */ = {
			isa = PBXResourcesBuildPhase;
			buildActionMask = 2147483647;
			files = (
				1E736CD61DF5BC5B006BFCA6 /* LaunchScreen.storyboard in Resources */,
				1E736CD31DF5BC5B006BFCA6 /* Assets.xcassets in Resources */,
				1E736CDE1DF5C4DD006BFCA6 /* pokemon.csv in Resources */,
				1E736CD11DF5BC5B006BFCA6 /* Main.storyboard in Resources */,
			);
			runOnlyForDeploymentPostprocessing = 0;
		};
/* End PBXResourcesBuildPhase section */

/* Begin PBXSourcesBuildPhase section */
		1E736CC41DF5BC5A006BFCA6 /* Sources */ = {
			isa = PBXSourcesBuildPhase;
			buildActionMask = 2147483647;
			files = (
				1E736CCE1DF5BC5A006BFCA6 /* ViewController.swift in Sources */,
				1E736CCC1DF5BC5A006BFCA6 /* AppDelegate.swift in Sources */,
			);
			runOnlyForDeploymentPostprocessing = 0;
		};
/* End PBXSourcesBuildPhase section */

/* Begin PBXVariantGroup section */
		1E736CCF1DF5BC5B006BFCA6 /* Main.storyboard */ = {
			isa = PBXVariantGroup;
			children = (
				1E736CD01DF5BC5B006BFCA6 /* Base */,
			);
			name = Main.storyboard;
			sourceTree = "<group>";
		};
		1E736CD41DF5BC5B006BFCA6 /* LaunchScreen.storyboard */ = {
			isa = PBXVariantGroup;
			children = (
				1E736CD51DF5BC5B006BFCA6 /* Base */,
			);
			name = LaunchScreen.storyboard;
			sourceTree = "<group>";
		};
/* End PBXVariantGroup section */

/* Begin XCBuildConfiguration section */
		1E736CD81DF5BC5B006BFCA6 /* Debug */ = {
			isa = XCBuildConfiguration;
			buildSettings = {
				ALWAYS_SEARCH_USER_PATHS = NO;
				CLANG_ANALYZER_NONNULL = YES;
				CLANG_CXX_LANGUAGE_STANDARD = "gnu++0x";
				CLANG_CXX_LIBRARY = "libc++";
				CLANG_ENABLE_MODULES = YES;
				CLANG_ENABLE_OBJC_ARC = YES;
				CLANG_WARN_BOOL_CONVERSION = YES;
				CLANG_WARN_CONSTANT_CONVERSION = YES;
				CLANG_WARN_DIRECT_OBJC_ISA_USAGE = YES_ERROR;
				CLANG_WARN_DOCUMENTATION_COMMENTS = YES;
				CLANG_WARN_EMPTY_BODY = YES;
				CLANG_WARN_ENUM_CONVERSION = YES;
				CLANG_WARN_INFINITE_RECURSION = YES;
				CLANG_WARN_INT_CONVERSION = YES;
				CLANG_WARN_OBJC_ROOT_CLASS = YES_ERROR;
				CLANG_WARN_SUSPICIOUS_MOVES = YES;
				CLANG_WARN_UNREACHABLE_CODE = YES;
				CLANG_WARN__DUPLICATE_METHOD_MATCH = YES;
				"CODE_SIGN_IDENTITY[sdk=iphoneos*]" = "iPhone Developer";
				COPY_PHASE_STRIP = NO;
				DEBUG_INFORMATION_FORMAT = dwarf;
				ENABLE_STRICT_OBJC_MSGSEND = YES;
				ENABLE_TESTABILITY = YES;
				GCC_C_LANGUAGE_STANDARD = gnu99;
				GCC_DYNAMIC_NO_PIC = NO;
				GCC_NO_COMMON_BLOCKS = YES;
				GCC_OPTIMIZATION_LEVEL = 0;
				GCC_PREPROCESSOR_DEFINITIONS = (
					"DEBUG=1",
					"$(inherited)",
				);
				GCC_WARN_64_TO_32_BIT_CONVERSION = YES;
				GCC_WARN_ABOUT_RETURN_TYPE = YES_ERROR;
				GCC_WARN_UNDECLARED_SELECTOR = YES;
				GCC_WARN_UNINITIALIZED_AUTOS = YES_AGGRESSIVE;
				GCC_WARN_UNUSED_FUNCTION = YES;
				GCC_WARN_UNUSED_VARIABLE = YES;
				IPHONEOS_DEPLOYMENT_TARGET = 10.1;
				MTL_ENABLE_DEBUG_INFO = YES;
				ONLY_ACTIVE_ARCH = YES;
				SDKROOT = iphoneos;
				SWIFT_ACTIVE_COMPILATION_CONDITIONS = DEBUG;
				SWIFT_OPTIMIZATION_LEVEL = "-Onone";
				TARGETED_DEVICE_FAMILY = "1,2";
			};
			name = Debug;
		};
		1E736CD91DF5BC5B006BFCA6 /* Release */ = {
			isa = XCBuildConfiguration;
			buildSettings = {
				ALWAYS_SEARCH_USER_PATHS = NO;
				CLANG_ANALYZER_NONNULL = YES;
				CLANG_CXX_LANGUAGE_STANDARD = "gnu++0x";
				CLANG_CXX_LIBRARY = "libc++";
				CLANG_ENABLE_MODULES = YES;
				CLANG_ENABLE_OBJC_ARC = YES;
				CLANG_WARN_BOOL_CONVERSION = YES;
				CLANG_WARN_CONSTANT_CONVERSION = YES;
				CLANG_WARN_DIRECT_OBJC_ISA_USAGE = YES_ERROR;
				CLANG_WARN_DOCUMENTATION_COMMENTS = YES;
				CLANG_WARN_EMPTY_BODY = YES;
				CLANG_WARN_ENUM_CONVERSION = YES;
				CLANG_WARN_INFINITE_RECURSION = YES;
				CLANG_WARN_INT_CONVERSION = YES;
				CLANG_WARN_OBJC_ROOT_CLASS = YES_ERROR;
				CLANG_WARN_SUSPICIOUS_MOVES = YES;
				CLANG_WARN_UNREACHABLE_CODE = YES;
				CLANG_WARN__DUPLICATE_METHOD_MATCH = YES;
				"CODE_SIGN_IDENTITY[sdk=iphoneos*]" = "iPhone Developer";
				COPY_PHASE_STRIP = NO;
				DEBUG_INFORMATION_FORMAT = "dwarf-with-dsym";
				ENABLE_NS_ASSERTIONS = NO;
				ENABLE_STRICT_OBJC_MSGSEND = YES;
				GCC_C_LANGUAGE_STANDARD = gnu99;
				GCC_NO_COMMON_BLOCKS = YES;
				GCC_WARN_64_TO_32_BIT_CONVERSION = YES;
				GCC_WARN_ABOUT_RETURN_TYPE = YES_ERROR;
				GCC_WARN_UNDECLARED_SELECTOR = YES;
				GCC_WARN_UNINITIALIZED_AUTOS = YES_AGGRESSIVE;
				GCC_WARN_UNUSED_FUNCTION = YES;
				GCC_WARN_UNUSED_VARIABLE = YES;
				IPHONEOS_DEPLOYMENT_TARGET = 10.1;
				MTL_ENABLE_DEBUG_INFO = NO;
				SDKROOT = iphoneos;
				SWIFT_OPTIMIZATION_LEVEL = "-Owholemodule";
				TARGETED_DEVICE_FAMILY = "1,2";
				VALIDATE_PRODUCT = YES;
			};
			name = Release;
		};
		1E736CDB1DF5BC5B006BFCA6 /* Debug */ = {
			isa = XCBuildConfiguration;
			buildSettings = {
				ASSETCATALOG_COMPILER_APPICON_NAME = AppIcon;
				DEVELOPMENT_TEAM = 5PD448JSVP;
				INFOPLIST_FILE = "Pokedex (Udemy)/Info.plist";
				LD_RUNPATH_SEARCH_PATHS = "$(inherited) @executable_path/Frameworks";
				PRODUCT_BUNDLE_IDENTIFIER = "Mahmoud-SMGL.Pokedex--Udemy-";
				PRODUCT_NAME = "$(TARGET_NAME)";
				SWIFT_VERSION = 3.0;
			};
			name = Debug;
		};
		1E736CDC1DF5BC5B006BFCA6 /* Release */ = {
			isa = XCBuildConfiguration;
			buildSettings = {
				ASSETCATALOG_COMPILER_APPICON_NAME = AppIcon;
				DEVELOPMENT_TEAM = 5PD448JSVP;
				INFOPLIST_FILE = "Pokedex (Udemy)/Info.plist";
				LD_RUNPATH_SEARCH_PATHS = "$(inherited) @executable_path/Frameworks";
				PRODUCT_BUNDLE_IDENTIFIER = "Mahmoud-SMGL.Pokedex--Udemy-";
				PRODUCT_NAME = "$(TARGET_NAME)";
				SWIFT_VERSION = 3.0;
			};
			name = Release;
		};
/* End XCBuildConfiguration section */

/* Begin XCConfigurationList section */
		1E736CC31DF5BC59006BFCA6 /* Build configuration list for PBXProject "Pokedex (Udemy)" */ = {
			isa = XCConfigurationList;
			buildConfigurations = (
				1E736CD81DF5BC5B006BFCA6 /* Debug */,
				1E736CD91DF5BC5B006BFCA6 /* Release */,
			);
			defaultConfigurationIsVisible = 0;
			defaultConfigurationName = Release;
		};
		1E736CDA1DF5BC5B006BFCA6 /* Build configuration list for PBXNativeTarget "Pokedex (Udemy)" */ = {
			isa = XCConfigurationList;
			buildConfigurations = (
				1E736CDB1DF5BC5B006BFCA6 /* Debug */,
				1E736CDC1DF5BC5B006BFCA6 /* Release */,
			);
			defaultConfigurationIsVisible = 0;
		};
/* End XCConfigurationList section */
	};
	rootObject = 1E736CC01DF5BC59006BFCA6 /* Project object */;
}
